# This file is automatically @generated by Cargo.
# It is not intended for manual editing.
[[package]]
name = "libcalc"
version = "0.0.0"
source = "registry+https://github.com/rust-lang/crates.io-index"

[[package]]
name = "practice"
version = "0.1.0"
dependencies = [
 "libcalc 0.0.0 (registry+https://github.com/rust-lang/crates.io-index)",
]

[metadata]
"checksum libcalc 0.0.0 (registry+https://github.com/rust-lang/crates.io-index)" = "9aab3ea6c4b57ea5db7ac67f7e91d809c89178db11a855f7a44af6612d0d00e5"
